
Microsoft Visual Studio Solution File, Format Version 12.00
# Visual Studio Version 16
VisualStudioVersion = 16.0.29728.190
MinimumVisualStudioVersion = 10.0.40219.1
Project("{FAE04EC0-301F-11D3-BF4B-00C04F79EFBC}") = "Hypermarket", "Hypermarket\Hypermarket.csproj", "{83884258-401F-4D63-9F66-22DB1D0DEC5E}"
EndProject
Global
	GlobalSection(SolutionConfigurationPlatforms) = preSolution
		Debug|Any CPU = Debug|Any CPU
		Release|Any CPU = Release|Any CPU
	EndGlobalSection
	GlobalSection(ProjectConfigurationPlatforms) = postSolution
		{83884258-401F-4D63-9F66-22DB1D0DEC5E}.Debug|Any CPU.ActiveCfg = Debug|Any CPU
		{83884258-401F-4D63-9F66-22DB1D0DEC5E}.Debug|Any CPU.Build.0 = Debug|Any CPU
		{83884258-401F-4D63-9F66-22DB1D0DEC5E}.Release|Any CPU.ActiveCfg = Release|Any CPU
		{83884258-401F-4D63-9F66-22DB1D0DEC5E}.Release|Any CPU.Build.0 = Release|Any CPU
	EndGlobalSection
	GlobalSection(SolutionProperties) = preSolution
		HideSolutionNode = FALSE
	EndGlobalSection
	GlobalSection(ExtensibilityGlobals) = postSolution
		SolutionGuid = {D49EFB0E-72E1-4D36-AF79-5696477E4847}
	EndGlobalSection
EndGlobal
